{
    "_readme": [
        "This file locks the dependencies of your project to a known state",
        "Read more about it at https://getcomposer.org/doc/01-basic-usage.md#composer-lock-the-lock-file",
        "This file is @generated automatically"
    ],
    "hash": "ab8eb90f3dc55281d14af00e95d4e229",
    "content-hash": "e9e154f3e392e7b77c8963bdef57246e",
    "packages": [
        {
            "name": "composer/installers",
            "version": "dev-master",
            "source": {
                "type": "git",
                "url": "https://github.com/composer/installers.git",
                "reference": "3c90d491bafa3d0a1bd57a7d001da839a08d2f88"
            },
            "dist": {
                "type": "zip",
                "url": "https://api.github.com/repos/composer/installers/zipball/3c90d491bafa3d0a1bd57a7d001da839a08d2f88",
                "reference": "3c90d491bafa3d0a1bd57a7d001da839a08d2f88",
                "shasum": ""
            },
            "require": {
                "composer-plugin-api": "^1.0"
            },
            "replace": {
                "roundcube/plugin-installer": "*",
                "shama/baton": "*"
            },
            "require-dev": {
                "composer/composer": "1.0.*@dev",
                "phpunit/phpunit": "4.1.*"
            },
            "type": "composer-plugin",
            "extra": {
                "class": "Composer\\Installers\\Plugin",
                "branch-alias": {
                    "dev-master": "1.0-dev"
                }
            },
            "autoload": {
                "psr-4": {
                    "Composer\\Installers\\": "src/Composer/Installers"
                }
            },
            "notification-url": "https://packagist.org/downloads/",
            "license": [
                "MIT"
            ],
            "authors": [
                {
                    "name": "Kyle Robinson Young",
                    "email": "kyle@dontkry.com",
                    "homepage": "https://github.com/shama"
                }
            ],
            "description": "A multi-framework Composer library installer",
            "homepage": "https://composer.github.io/installers/",
            "keywords": [
                "Craft",
                "Dolibarr",
                "Hurad",
                "ImageCMS",
                "MODX Evo",
                "Mautic",
                "OXID",
                "RadPHP",
                "SMF",
                "Thelia",
                "WolfCMS",
                "agl",
                "aimeos",
                "annotatecms",
                "bitrix",
                "cakephp",
                "chef",
                "codeigniter",
                "concrete5",
                "croogo",
                "dokuwiki",
                "drupal",
                "elgg",
                "expressionengine",
                "fuelphp",
                "grav",
                "installer",
                "joomla",
                "kohana",
                "laravel",
                "lithium",
                "magento",
                "mako",
                "mediawiki",
                "modulework",
                "moodle",
                "phpbb",
                "piwik",
                "ppi",
                "puppet",
                "roundcube",
                "shopware",
                "silverstripe",
                "symfony",
                "typo3",
                "wordpress",
                "zend",
                "zikula"
            ],
            "time": "2016-06-24 07:03:15"
        },
        {
            "name": "derhasi/composer-preserve-paths",
            "version": "0.1.3",
            "source": {
                "type": "git",
                "url": "https://github.com/derhasi/composer-preserve-paths.git",
                "reference": "e10d7acbc84df0d58faf2470049f53c97a4a1503"
            },
            "dist": {
                "type": "zip",
                "url": "https://api.github.com/repos/derhasi/composer-preserve-paths/zipball/e10d7acbc84df0d58faf2470049f53c97a4a1503",
                "reference": "e10d7acbc84df0d58faf2470049f53c97a4a1503",
                "shasum": ""
            },
            "require": {
                "composer-plugin-api": "^1.0"
            },
            "require-dev": {
                "composer/composer": "1.0.*@dev",
                "derhasi/tempdirectory": "0.1.*",
                "phpunit/phpunit": "4.4.*"
            },
            "type": "composer-plugin",
            "extra": {
                "class": "derhasi\\Composer\\Plugin"
            },
            "autoload": {
                "psr-4": {
                    "derhasi\\Composer\\": "src/"
                }
            },
            "notification-url": "https://packagist.org/downloads/",
            "license": [
                "GPL-2.0+"
            ],
            "authors": [
                {
                    "name": "Johannes Haseitl",
                    "email": "johannes@undpaul.de",
                    "homepage": "http://www.undpaul.de"
                }
            ],
            "description": "Composer plugin for preserving custom paths and supporting nested packages",
            "homepage": "https://github.com/derhasi/composer-preserve-paths",
            "keywords": [
                "composer-plugin",
                "custom path",
                "installer",
                "nested package"
            ],
            "time": "2015-10-20 13:44:48"
        },
        {
            "name": "drupal/adaptivetheme",
            "version": "dev-7.x-3.x",
            "source": {
                "type": "git",
                "url": "https://git.drupal.org/project/adaptivetheme",
                "reference": "28947fe1b82e4d590034c7e23b8fefb37a671d6a"
            },
            "require": {
                "drupal/drupal": "7.*"
            },
            "replace": {
                "drupal/adaptivetheme_admin": "self.version",
                "drupal/adaptivetheme_subtheme": "self.version"
            },
            "type": "drupal-theme",
            "extra": {
                "branch-alias": {
                    "dev-7.x-3.x": "7.3.x-dev"
                }
            },
            "notification-url": "https://packagist.drupal-composer.org/downloads/",
            "description": "AT Core is the framework that drives the responsive layout system and provides an extensive set of tools for theme development. You do not need to enable this theme. Use the provided AT Subtheme to get started.",
            "homepage": "https://www.drupal.org/project/adaptivetheme",
            "time": "2015-01-16 19:15:41"
        },
        {
            "name": "drupal/addressfield",
            "version": "dev-7.x-1.x",
            "source": {
                "type": "git",
                "url": "https://git.drupal.org/project/addressfield",
                "reference": "24e41cddce55d950341ab2104df1e05d77543f2f"
            },
            "require": {
                "drupal/ctools": "7.*",
                "drupal/drupal": "7.*"
            },
            "replace": {
                "drupal/addressfield_example": "self.version"
            },
            "suggest": {
                "drupal/ctools": "Required by drupal/addressfield_example"
            },
            "type": "drupal-module",
            "extra": {
                "branch-alias": {
                    "dev-7.x-1.x": "7.1.x-dev"
                }
            },
            "notification-url": "https://packagist.drupal-composer.org/downloads/",
            "description": "Manage a flexible address field, implementing the xNAL standard.",
            "homepage": "https://www.drupal.org/project/addressfield",
            "time": "2015-12-30 11:19:03"
        },
        {
            "name": "drupal/addressfield_phone",
            "version": "dev-7.x-1.x",
            "source": {
                "type": "git",
                "url": "https://git.drupal.org/project/addressfield_phone",
                "reference": "b27f716157b1e11b8c629e8f0bb713b2acc218b4"
            },
            "dist": {
                "type": "zip",
                "url": "https://ftp.drupal.org/files/projects/addressfield_phone-7.x-1.3.zip",
                "reference": "b27f716157b1e11b8c629e8f0bb713b2acc218b4",
                "shasum": null
            },
            "require": {
                "drupal/addressfield": "7.*",
                "drupal/ctools": "7.*",
                "drupal/drupal": "7.*"
            },
            "type": "drupal-module",
            "extra": {
                "branch-alias": {
                    "dev-7.x-1.x": "7.1.x-dev"
                }
            },
            "notification-url": "https://packagist.drupal-composer.org/downloads/",
            "license": [
                "GPL-2.0+"
            ],
            "description": "Implements a phone field in an addressfield format handler.",
            "homepage": "https://www.drupal.org/project/addressfield_phone",
            "time": "2016-03-11 12:49:56"
        },
        {
            "name": "drupal/addressfield_tokens",
            "version": "dev-7.x-1.x",
            "source": {
                "type": "git",
                "url": "https://git.drupal.org/project/addressfield_tokens",
                "reference": "ac10e5581107c6ed7bb63758e849f376bdb405e0"
            },
            "require": {
                "drupal/addressfield": "7.*",
                "drupal/drupal": "7.*",
                "drupal/entity_token": "7.*",
                "drupal/token": "7.*"
            },
            "type": "drupal-module",
            "extra": {
                "branch-alias": {
                    "dev-7.x-1.x": "7.1.x-dev"
                }
            },
            "notification-url": "https://packagist.drupal-composer.org/downloads/",
            "description": "Creates tokens for address fields, adds new addressfield renders, and adds webform integration.",
            "homepage": "https://www.drupal.org/project/addressfield_tokens",
            "time": "2015-05-28 17:01:15"
        },
        {
            "name": "drupal/admin_menu",
            "version": "7.3.0-rc5",
            "source": {
                "type": "git",
                "url": "https://git.drupal.org/project/admin_menu",
                "reference": "59a4fe3d4da5a80dd6abec5873a9930ccfb15c17"
            },
            "dist": {
                "type": "zip",
                "url": "https://ftp.drupal.org/files/projects/admin_menu-7.x-3.0-rc5.zip",
                "reference": "59a4fe3d4da5a80dd6abec5873a9930ccfb15c17",
                "shasum": null
            },
            "require": {
                "drupal/drupal": "7.*",
                "drupal/system": ">7.10.0"
            },
            "replace": {
                "drupal/admin_devel": "self.version",
                "drupal/admin_menu_toolbar": "self.version"
            },
            "type": "drupal-module",
            "extra": {
                "branch-alias": {
                    "dev-7.x-3.x": "7.3.x-dev"
                }
            },
            "notification-url": "https://packagist.drupal-composer.org/downloads/",
            "description": "Provides a dropdown menu to most administrative tasks and other common destinations (to users with the proper permissions).",
            "homepage": "https://www.drupal.org/project/admin_menu"
        },
        {
            "name": "drupal/advanced_help",
            "version": "dev-7.x-1.x",
            "source": {
                "type": "git",
                "url": "https://git.drupal.org/project/advanced_help",
                "reference": "7f3d4cfb82dff7a6c93dbe5d730bf0e7c354adfe"
            },
            "require": {
                "drupal/drupal": "7.*"
            },
            "replace": {
                "drupal/help_example": "self.version"
            },
            "type": "drupal-module",
            "extra": {
                "branch-alias": {
                    "dev-7.x-1.x": "7.1.x-dev"
                }
            },
            "notification-url": "https://packagist.drupal-composer.org/downloads/",
            "license": [
                "GPL-2.0+"
            ],
            "description": "Provide extended help and documentation.",
            "homepage": "https://www.drupal.org/project/advanced_help",
            "time": "2016-01-31 06:50:08"
        },
        {
            "name": "drupal/bootstrap",
            "version": "dev-7.x-3.x",
            "source": {
                "type": "git",
                "url": "https://git.drupal.org/project/bootstrap",
                "reference": "49ada7a064baf43e5874f56fa099442adb0baf0b"
            },
            "require": {
                "drupal/drupal": "7.*"
            },
            "type": "drupal-theme",
            "extra": {
                "branch-alias": {
                    "dev-7.x-3.x": "7.3.x-dev"
                }
            },
            "notification-url": "https://packagist.drupal-composer.org/downloads/",
            "license": [
                "GPL-2.0+"
            ],
            "description": "Built to use Bootstrap, a sleek, intuitive, and powerful front-end framework for faster and easier web development.",
            "homepage": "https://www.drupal.org/project/bootstrap",
            "time": "2016-06-13 12:57:58"
        },
        {
            "name": "drupal/ctools",
            "version": "dev-7.x-1.x",
            "source": {
                "type": "git",
                "url": "https://git.drupal.org/project/ctools",
                "reference": "b065ec5f6f3e693e4d87123d68f84fa16ea95e05"
            },
            "require": {
                "drupal/drupal": "7.*"
            },
            "replace": {
                "drupal/bulk_export": "self.version",
                "drupal/ctools_access_ruleset": "self.version",
                "drupal/ctools_ajax_sample": "self.version",
                "drupal/ctools_custom_content": "self.version",
                "drupal/ctools_plugin_example": "self.version",
                "drupal/page_manager": "self.version",
                "drupal/stylizer": "self.version",
                "drupal/term_depth": "self.version",
                "drupal/views_content": "self.version"
            },
            "suggest": {
                "drupal/advanced_help": "Required by drupal/ctools_plugin_example",
                "drupal/color": "Required by drupal/stylizer",
                "drupal/page_manager": "Required by drupal/ctools_plugin_example",
                "drupal/panels": "Required by drupal/ctools_plugin_example",
                "drupal/views": "Required by drupal/views_content"
            },
            "type": "drupal-module",
            "extra": {
                "branch-alias": {
                    "dev-7.x-1.x": "7.1.x-dev"
                }
            },
            "notification-url": "https://packagist.drupal-composer.org/downloads/",
            "license": [
                "GPL-2.0+"
            ],
            "description": "A library of helpful tools by Merlin of Chaos.",
            "homepage": "https://www.drupal.org/project/ctools",
            "time": "2016-06-16 07:18:43"
        },
        {
            "name": "drupal/drupal",
            "version": "7.x-dev",
            "source": {
                "type": "git",
                "url": "https://git.drupal.org/project/drupal",
                "reference": "f68bbb9a7dcb657b1a4c4587de2dac93fd3f5f1e"
            },
            "replace": {
                "drupal/aggregator": "self.version",
                "drupal/bartik": "self.version",
                "drupal/block": "self.version",
                "drupal/blog": "self.version",
                "drupal/book": "self.version",
                "drupal/color": "self.version",
                "drupal/comment": "self.version",
                "drupal/contact": "self.version",
                "drupal/contextual": "self.version",
                "drupal/dashboard": "self.version",
                "drupal/dblog": "self.version",
                "drupal/field": "self.version",
                "drupal/field_sql_storage": "self.version",
                "drupal/field_ui": "self.version",
                "drupal/file": "self.version",
                "drupal/filter": "self.version",
                "drupal/forum": "self.version",
                "drupal/garland": "self.version",
                "drupal/help": "self.version",
                "drupal/image": "self.version",
                "drupal/list": "self.version",
                "drupal/locale": "self.version",
                "drupal/menu": "self.version",
                "drupal/minimal": "self.version",
                "drupal/node": "self.version",
                "drupal/number": "self.version",
                "drupal/openid": "self.version",
                "drupal/options": "self.version",
                "drupal/overlay": "self.version",
                "drupal/path": "self.version",
                "drupal/php": "self.version",
                "drupal/poll": "self.version",
                "drupal/profile": "self.version",
                "drupal/rdf": "self.version",
                "drupal/search": "self.version",
                "drupal/seven": "self.version",
                "drupal/shortcut": "self.version",
                "drupal/standard": "self.version",
                "drupal/stark": "self.version",
                "drupal/statistics": "self.version",
                "drupal/syslog": "self.version",
                "drupal/system": "self.version",
                "drupal/taxonomy": "self.version",
                "drupal/text": "self.version",
                "drupal/toolbar": "self.version",
                "drupal/tracker": "self.version",
                "drupal/translation": "self.version",
                "drupal/trigger": "self.version",
                "drupal/update": "self.version",
                "drupal/user": "self.version"
            },
            "suggest": {
                "drupal/block": "Required by drupal/dashboard, drupal/minimal, drupal/standard",
                "drupal/color": "Required by drupal/standard",
                "drupal/comment": "Required by drupal/forum, drupal/tracker, drupal/standard",
                "drupal/contextual": "Required by drupal/standard",
                "drupal/dashboard": "Required by drupal/standard",
                "drupal/dblog": "Required by drupal/minimal, drupal/standard",
                "drupal/field": "Required by drupal/field_sql_storage, drupal/list, drupal/number, drupal/options, drupal/text, drupal/field_ui, drupal/file",
                "drupal/field_sql_storage": "Required by drupal/field",
                "drupal/field_ui": "Required by drupal/standard",
                "drupal/file": "Required by drupal/image, drupal/standard",
                "drupal/help": "Required by drupal/standard",
                "drupal/image": "Required by drupal/standard",
                "drupal/list": "Required by drupal/standard",
                "drupal/locale": "Required by drupal/translation",
                "drupal/menu": "Required by drupal/standard",
                "drupal/number": "Required by drupal/standard",
                "drupal/options": "Required by drupal/list, drupal/taxonomy, drupal/standard",
                "drupal/overlay": "Required by drupal/standard",
                "drupal/path": "Required by drupal/standard",
                "drupal/rdf": "Required by drupal/standard",
                "drupal/search": "Required by drupal/standard",
                "drupal/shortcut": "Required by drupal/standard",
                "drupal/taxonomy": "Required by drupal/forum, drupal/standard",
                "drupal/text": "Required by drupal/comment",
                "drupal/toolbar": "Required by drupal/standard"
            },
            "type": "drupal-core",
            "extra": {
                "branch-alias": {
                    "dev-7.x-": "7.x-dev"
                }
            },
            "notification-url": "https://packagist.drupal-composer.org/downloads/",
            "license": [
                "GPL-2.0+"
            ],
            "description": "Handles general site configuration for administrators.",
            "homepage": "https://www.drupal.org/project/drupal",
            "time": "2016-07-05 04:02:57"
        },
        {
            "name": "drupal/entity",
            "version": "dev-7.x-1.x",
            "source": {
                "type": "git",
                "url": "https://git.drupal.org/project/entity",
                "reference": "1fa8f2dcb25ab26904c3d910399eaf23e17232bc"
            },
            "require": {
                "drupal/drupal": "7.*"
            },
            "replace": {
                "drupal/entity_token": "self.version"
            },
            "type": "drupal-module",
            "extra": {
                "branch-alias": {
                    "dev-7.x-1.x": "7.1.x-dev"
                }
            },
            "notification-url": "https://packagist.drupal-composer.org/downloads/",
            "license": [
                "GPL-2.0+"
            ],
            "description": "Enables modules to work with any entity type and to provide entities.",
            "homepage": "https://www.drupal.org/project/entity",
            "time": "2016-03-17 17:02:49"
        },
        {
            "name": "drupal/footheme",
            "version": "dev-7.x-3.x",
            "source": {
                "type": "git",
                "url": "https://git.drupal.org/project/footheme",
                "reference": "7605a5da706e4c4e0f6e05fb047d739222cec8c1"
            },
            "require": {
                "drupal/drupal": "7.*"
            },
            "type": "drupal-theme",
            "extra": {
                "branch-alias": {
                    "dev-7.x-3.x": "7.3.x-dev"
                }
            },
            "notification-url": "https://packagist.drupal-composer.org/downloads/",
            "description": "Your description here.",
            "homepage": "https://www.drupal.org/project/footheme",
            "time": "2012-12-18 18:24:58"
        },
        {
            "name": "drupal/rules",
            "version": "dev-7.x-2.x",
            "source": {
                "type": "git",
                "url": "https://git.drupal.org/project/rules",
                "reference": "1f2c06b33b7be2ac754d70161611dc81868f2157"
            },
            "require": {
                "drupal/drupal": "7.*",
                "drupal/entity": "7.*",
                "drupal/entity_token": "7.*"
            },
            "replace": {
                "drupal/rules_admin": "self.version",
                "drupal/rules_i18n": "self.version",
                "drupal/rules_scheduler": "self.version"
            },
            "suggest": {
                "drupal/i18n_string": "Required by drupal/rules_i18n"
            },
            "type": "drupal-module",
            "extra": {
                "branch-alias": {
                    "dev-7.x-2.x": "7.2.x-dev"
                }
            },
            "notification-url": "https://packagist.drupal-composer.org/downloads/",
            "license": [
                "GPL-2.0+"
            ],
            "description": "React on events and conditionally evaluate actions.",
            "homepage": "https://www.drupal.org/project/rules",
            "time": "2016-01-15 17:28:46"
        },
        {
            "name": "drupal/token",
            "version": "dev-7.x-1.x",
            "source": {
                "type": "git",
                "url": "https://git.drupal.org/project/token",
                "reference": "cf53b4089dd7d3821aeb93f237eb7c8d656b878b"
            },
            "require": {
                "drupal/drupal": "7.*"
            },
            "type": "drupal-module",
            "extra": {
                "branch-alias": {
                    "dev-7.x-1.x": "7.1.x-dev"
                }
            },
            "notification-url": "https://packagist.drupal-composer.org/downloads/",
            "license": [
                "GPL-2.0+"
            ],
            "description": "Provides a user interface for the Token API and some missing core tokens.",
            "homepage": "https://www.drupal.org/project/token",
            "time": "2016-04-08 04:02:39"
        },
        {
            "name": "drupal/views",
            "version": "dev-7.x-3.x",
            "source": {
                "type": "git",
                "url": "https://git.drupal.org/project/views",
                "reference": "485b697082cf2ec42cc596eed952daa6f61e8012"
            },
            "dist": {
                "type": "zip",
                "url": "https://ftp.drupal.org/files/projects/views-7.x-3.14.zip",
                "reference": null,
                "shasum": null
            },
            "require": {
                "drupal/ctools": "7.*",
                "drupal/drupal": "7.*"
            },
            "replace": {
                "drupal/views_ui": "self.version"
            },
            "type": "drupal-module",
            "extra": {
                "branch-alias": {
                    "dev-7.x-3.x": "7.3.x-dev"
                }
            },
            "notification-url": "https://packagist.drupal-composer.org/downloads/",
            "license": [
                "GPL-2.0+"
            ],
            "description": "Create customized lists and queries from your database.",
            "homepage": "https://www.drupal.org/project/views",
            "time": "2016-06-15 19:37:02"
        }
    ],
    "packages-dev": [],
    "aliases": [],
    "minimum-stability": "dev",
    "stability-flags": {
        "drupal/admin_menu": 5
    },
    "prefer-stable": false,
    "prefer-lowest": false,
    "platform": [],
    "platform-dev": []
}
